
Microsoft Visual Studio Solution File, Format Version 11.00
# Visual Studio 2010
Project("{8BC9CEB8-8B4A-11D0-8D11-00A0C91BC942}") = "Bullet3Common", "Bullet3Common.vcxproj", "{6751AE35-C8E4-BE4D-864E-2014D35DBAF6}"
EndProject
Project("{8BC9CEB8-8B4A-11D0-8D11-00A0C91BC942}") = "Bullet3Geometry", "Bullet3Geometry.vcxproj", "{1736F370-2C0A-7148-B729-6C9E905434AC}"
EndProject
Project("{8BC9CEB8-8B4A-11D0-8D11-00A0C91BC942}") = "Bullet3Collision", "Bullet3Collision.vcxproj", "{85D53752-F77F-914A-B53A-60559A6907A6}"
EndProject
Project("{8BC9CEB8-8B4A-11D0-8D11-00A0C91BC942}") = "Bullet3Dynamics", "Bullet3Dynamics.vcxproj", "{2AEAC34D-04DC-D546-B3C8-7B2F561B7A24}"
EndProject
Project("{8BC9CEB8-8B4A-11D0-8D11-00A0C91BC942}") = "Bullet3OpenCL_clew", "Bullet3OpenCL_clew.vcxproj", "{BBD60E9E-A51F-9342-B3B4-3AC11581D698}"
EndProject
Project("{8BC9CEB8-8B4A-11D0-8D11-00A0C91BC942}") = "Bullet2FileLoader", "Bullet2FileLoader.vcxproj", "{3892E541-6C96-A547-B190-0E0A95F678E6}"
EndProject
Project("{8BC9CEB8-8B4A-11D0-8D11-00A0C91BC942}") = "HACD", "HACD.vcxproj", "{50FE49AD-A3B2-AD4D-B277-E220F130750B}"
EndProject
Project("{8BC9CEB8-8B4A-11D0-8D11-00A0C91BC942}") = "ConvexDecomposition", "ConvexDecomposition.vcxproj", "{288CCE02-8625-2243-8095-BFE81D0D7528}"
EndProject
Project("{8BC9CEB8-8B4A-11D0-8D11-00A0C91BC942}") = "BulletInverseDynamicsUtils", "BulletInverseDynamicsUtils.vcxproj", "{2C4B62DD-C78D-3D47-830F-47F1B28EB3E0}"
EndProject
Project("{8BC9CEB8-8B4A-11D0-8D11-00A0C91BC942}") = "BulletFileLoader", "BulletFileLoader.vcxproj", "{10EFBC13-09AF-D04C-9D28-C1F764CB5523}"
EndProject
Project("{8BC9CEB8-8B4A-11D0-8D11-00A0C91BC942}") = "BulletWorldImporter", "BulletWorldImporter.vcxproj", "{CC76A5F6-F870-074E-9FC0-5BDC69EB4852}"
EndProject
Project("{8BC9CEB8-8B4A-11D0-8D11-00A0C91BC942}") = "BulletXmlWorldImporter", "BulletXmlWorldImporter.vcxproj", "{225181E6-F232-6045-9D83-3487557A38EC}"
EndProject
Project("{8BC9CEB8-8B4A-11D0-8D11-00A0C91BC942}") = "App_ExampleBrowser", "App_ExampleBrowser.vcxproj", "{5913FF27-54E5-8C4D-AE44-4F6720BBFC02}"
	ProjectSection(ProjectDependencies) = postProject
		{1EA9FC86-D7E6-9145-AF65-ADFAE212FE91} = {1EA9FC86-D7E6-9145-AF65-ADFAE212FE91}
		{0DF9D456-51C5-4C49-9556-5EC3DC4AD37E} = {0DF9D456-51C5-4C49-9556-5EC3DC4AD37E}
		{9DC8BF8E-1699-4B4F-8B76-EFCD4BBC325D} = {9DC8BF8E-1699-4B4F-8B76-EFCD4BBC325D}
		{2C4B62DD-C78D-3D47-830F-47F1B28EB3E0} = {2C4B62DD-C78D-3D47-830F-47F1B28EB3E0}
		{0E8603CE-2C3A-604A-B4FB-4226B39F3215} = {0E8603CE-2C3A-604A-B4FB-4226B39F3215}
		{5E4A6AE7-0383-8547-8A9E-7C8D2E2B4B71} = {5E4A6AE7-0383-8547-8A9E-7C8D2E2B4B71}
		{803AE98A-7630-F845-8E02-90609ACC9B79} = {803AE98A-7630-F845-8E02-90609ACC9B79}
		{609AB04F-A004-FC48-9F9B-2145668A626F} = {609AB04F-A004-FC48-9F9B-2145668A626F}
		{6751AE35-C8E4-BE4D-864E-2014D35DBAF6} = {6751AE35-C8E4-BE4D-864E-2014D35DBAF6}
		{BBD60E9E-A51F-9342-B3B4-3AC11581D698} = {BBD60E9E-A51F-9342-B3B4-3AC11581D698}
		{2AEAC34D-04DC-D546-B3C8-7B2F561B7A24} = {2AEAC34D-04DC-D546-B3C8-7B2F561B7A24}
		{85D53752-F77F-914A-B53A-60559A6907A6} = {85D53752-F77F-914A-B53A-60559A6907A6}
		{1736F370-2C0A-7148-B729-6C9E905434AC} = {1736F370-2C0A-7148-B729-6C9E905434AC}
	EndProjectSection
EndProject
Project("{8BC9CEB8-8B4A-11D0-8D11-00A0C91BC942}") = "OpenGL_Window", "OpenGL_Window.vcxproj", "{0DF9D456-51C5-4C49-9556-5EC3DC4AD37E}"
EndProject
Project("{8BC9CEB8-8B4A-11D0-8D11-00A0C91BC942}") = "gwen", "gwen.vcxproj", "{1EA9FC86-D7E6-9145-AF65-ADFAE212FE91}"
EndProject
Project("{8BC9CEB8-8B4A-11D0-8D11-00A0C91BC942}") = "App_HelloWorld", "App_HelloWorld.vcxproj", "{B0349CE2-FCAC-7043-878E-ED3B8BDAFC9D}"
	ProjectSection(ProjectDependencies) = postProject
		{5E4A6AE7-0383-8547-8A9E-7C8D2E2B4B71} = {5E4A6AE7-0383-8547-8A9E-7C8D2E2B4B71}
		{803AE98A-7630-F845-8E02-90609ACC9B79} = {803AE98A-7630-F845-8E02-90609ACC9B79}
		{609AB04F-A004-FC48-9F9B-2145668A626F} = {609AB04F-A004-FC48-9F9B-2145668A626F}
	EndProjectSection
EndProject
Project("{8BC9CEB8-8B4A-11D0-8D11-00A0C91BC942}") = "App_BasicExample", "App_BasicExample.vcxproj", "{10B8B381-6C7F-9744-A810-76086E1B184A}"
	ProjectSection(ProjectDependencies) = postProject
		{5E4A6AE7-0383-8547-8A9E-7C8D2E2B4B71} = {5E4A6AE7-0383-8547-8A9E-7C8D2E2B4B71}
		{803AE98A-7630-F845-8E02-90609ACC9B79} = {803AE98A-7630-F845-8E02-90609ACC9B79}
		{609AB04F-A004-FC48-9F9B-2145668A626F} = {609AB04F-A004-FC48-9F9B-2145668A626F}
	EndProjectSection
EndProject
Project("{8BC9CEB8-8B4A-11D0-8D11-00A0C91BC942}") = "App_SharedMemoryPhysics", "App_SharedMemoryPhysics.vcxproj", "{79C266AD-C509-F34D-BCC3-05A608A5D8BA}"
	ProjectSection(ProjectDependencies) = postProject
		{6751AE35-C8E4-BE4D-864E-2014D35DBAF6} = {6751AE35-C8E4-BE4D-864E-2014D35DBAF6}
		{5E4A6AE7-0383-8547-8A9E-7C8D2E2B4B71} = {5E4A6AE7-0383-8547-8A9E-7C8D2E2B4B71}
		{803AE98A-7630-F845-8E02-90609ACC9B79} = {803AE98A-7630-F845-8E02-90609ACC9B79}
		{609AB04F-A004-FC48-9F9B-2145668A626F} = {609AB04F-A004-FC48-9F9B-2145668A626F}
	EndProjectSection
EndProject
Project("{8BC9CEB8-8B4A-11D0-8D11-00A0C91BC942}") = "App_ThreadingTest", "App_ThreadingTest.vcxproj", "{FFBB9191-7A10-924B-86AA-A24AA212DC84}"
	ProjectSection(ProjectDependencies) = postProject
		{6751AE35-C8E4-BE4D-864E-2014D35DBAF6} = {6751AE35-C8E4-BE4D-864E-2014D35DBAF6}
	EndProjectSection
EndProject
Project("{8BC9CEB8-8B4A-11D0-8D11-00A0C91BC942}") = "Test_SharedMemoryPhysicsClient", "Test_SharedMemoryPhysicsClient.vcxproj", "{1A0E9668-1826-7346-9138-5035A1B070E4}"
	ProjectSection(ProjectDependencies) = postProject
		{10EFBC13-09AF-D04C-9D28-C1F764CB5523} = {10EFBC13-09AF-D04C-9D28-C1F764CB5523}
		{6751AE35-C8E4-BE4D-864E-2014D35DBAF6} = {6751AE35-C8E4-BE4D-864E-2014D35DBAF6}
		{609AB04F-A004-FC48-9F9B-2145668A626F} = {609AB04F-A004-FC48-9F9B-2145668A626F}
	EndProjectSection
EndProject
Project("{8BC9CEB8-8B4A-11D0-8D11-00A0C91BC942}") = "Test_PhysicsServerLoopBack", "Test_PhysicsServerLoopBack.vcxproj", "{6A8C4B88-76C7-054C-BE7A-CEA44C0FAD5D}"
	ProjectSection(ProjectDependencies) = postProject
		{10EFBC13-09AF-D04C-9D28-C1F764CB5523} = {10EFBC13-09AF-D04C-9D28-C1F764CB5523}
		{CC76A5F6-F870-074E-9FC0-5BDC69EB4852} = {CC76A5F6-F870-074E-9FC0-5BDC69EB4852}
		{6751AE35-C8E4-BE4D-864E-2014D35DBAF6} = {6751AE35-C8E4-BE4D-864E-2014D35DBAF6}
		{5E4A6AE7-0383-8547-8A9E-7C8D2E2B4B71} = {5E4A6AE7-0383-8547-8A9E-7C8D2E2B4B71}
		{803AE98A-7630-F845-8E02-90609ACC9B79} = {803AE98A-7630-F845-8E02-90609ACC9B79}
		{609AB04F-A004-FC48-9F9B-2145668A626F} = {609AB04F-A004-FC48-9F9B-2145668A626F}
	EndProjectSection
EndProject
Project("{8BC9CEB8-8B4A-11D0-8D11-00A0C91BC942}") = "Test_PhysicsServerDirect", "Test_PhysicsServerDirect.vcxproj", "{8120D8B4-4A68-C642-8E0E-BB1ED796D4B3}"
	ProjectSection(ProjectDependencies) = postProject
		{10EFBC13-09AF-D04C-9D28-C1F764CB5523} = {10EFBC13-09AF-D04C-9D28-C1F764CB5523}
		{CC76A5F6-F870-074E-9FC0-5BDC69EB4852} = {CC76A5F6-F870-074E-9FC0-5BDC69EB4852}
		{6751AE35-C8E4-BE4D-864E-2014D35DBAF6} = {6751AE35-C8E4-BE4D-864E-2014D35DBAF6}
		{5E4A6AE7-0383-8547-8A9E-7C8D2E2B4B71} = {5E4A6AE7-0383-8547-8A9E-7C8D2E2B4B71}
		{803AE98A-7630-F845-8E02-90609ACC9B79} = {803AE98A-7630-F845-8E02-90609ACC9B79}
		{609AB04F-A004-FC48-9F9B-2145668A626F} = {609AB04F-A004-FC48-9F9B-2145668A626F}
	EndProjectSection
EndProject
Project("{8BC9CEB8-8B4A-11D0-8D11-00A0C91BC942}") = "Test_LinearMath", "Test_LinearMath.vcxproj", "{663CD6B8-D615-1743-B332-5C0C1B9B3C51}"
	ProjectSection(ProjectDependencies) = postProject
		{5E4A6AE7-0383-8547-8A9E-7C8D2E2B4B71} = {5E4A6AE7-0383-8547-8A9E-7C8D2E2B4B71}
		{803AE98A-7630-F845-8E02-90609ACC9B79} = {803AE98A-7630-F845-8E02-90609ACC9B79}
		{609AB04F-A004-FC48-9F9B-2145668A626F} = {609AB04F-A004-FC48-9F9B-2145668A626F}
	EndProjectSection
EndProject
Project("{8BC9CEB8-8B4A-11D0-8D11-00A0C91BC942}") = "gtest", "gtest.vcxproj", "{791CCB2D-6155-D849-B298-50DB7F9CFDA7}"
EndProject
Project("{8BC9CEB8-8B4A-11D0-8D11-00A0C91BC942}") = "Test_BulletCollision", "Test_BulletCollision.vcxproj", "{4852B71A-1DA0-DF4E-B57C-4F5FD26282EB}"
	ProjectSection(ProjectDependencies) = postProject
		{609AB04F-A004-FC48-9F9B-2145668A626F} = {609AB04F-A004-FC48-9F9B-2145668A626F}
		{791CCB2D-6155-D849-B298-50DB7F9CFDA7} = {791CCB2D-6155-D849-B298-50DB7F9CFDA7}
	EndProjectSection
EndProject
Project("{8BC9CEB8-8B4A-11D0-8D11-00A0C91BC942}") = "Test_BulletDynamics", "Test_BulletDynamics.vcxproj", "{C6407D83-C185-4144-9EE4-A0D700258E7E}"
	ProjectSection(ProjectDependencies) = postProject
		{5E4A6AE7-0383-8547-8A9E-7C8D2E2B4B71} = {5E4A6AE7-0383-8547-8A9E-7C8D2E2B4B71}
		{803AE98A-7630-F845-8E02-90609ACC9B79} = {803AE98A-7630-F845-8E02-90609ACC9B79}
		{609AB04F-A004-FC48-9F9B-2145668A626F} = {609AB04F-A004-FC48-9F9B-2145668A626F}
		{791CCB2D-6155-D849-B298-50DB7F9CFDA7} = {791CCB2D-6155-D849-B298-50DB7F9CFDA7}
	EndProjectSection
EndProject
Project("{8BC9CEB8-8B4A-11D0-8D11-00A0C91BC942}") = "Test_InverseDynamicsKinematics", "Test_InverseDynamicsKinematics.vcxproj", "{675F6608-62A4-8D42-9BD4-AD0B39EACDBF}"
	ProjectSection(ProjectDependencies) = postProject
		{2C4B62DD-C78D-3D47-830F-47F1B28EB3E0} = {2C4B62DD-C78D-3D47-830F-47F1B28EB3E0}
		{0E8603CE-2C3A-604A-B4FB-4226B39F3215} = {0E8603CE-2C3A-604A-B4FB-4226B39F3215}
		{6751AE35-C8E4-BE4D-864E-2014D35DBAF6} = {6751AE35-C8E4-BE4D-864E-2014D35DBAF6}
		{609AB04F-A004-FC48-9F9B-2145668A626F} = {609AB04F-A004-FC48-9F9B-2145668A626F}
		{791CCB2D-6155-D849-B298-50DB7F9CFDA7} = {791CCB2D-6155-D849-B298-50DB7F9CFDA7}
	EndProjectSection
EndProject
Project("{8BC9CEB8-8B4A-11D0-8D11-00A0C91BC942}") = "Test_InverseForwardDynamics", "Test_InverseForwardDynamics.vcxproj", "{1613E905-4B11-8644-8EF7-A0B0F6395E4B}"
	ProjectSection(ProjectDependencies) = postProject
		{5E4A6AE7-0383-8547-8A9E-7C8D2E2B4B71} = {5E4A6AE7-0383-8547-8A9E-7C8D2E2B4B71}
		{803AE98A-7630-F845-8E02-90609ACC9B79} = {803AE98A-7630-F845-8E02-90609ACC9B79}
		{2C4B62DD-C78D-3D47-830F-47F1B28EB3E0} = {2C4B62DD-C78D-3D47-830F-47F1B28EB3E0}
		{0E8603CE-2C3A-604A-B4FB-4226B39F3215} = {0E8603CE-2C3A-604A-B4FB-4226B39F3215}
		{6751AE35-C8E4-BE4D-864E-2014D35DBAF6} = {6751AE35-C8E4-BE4D-864E-2014D35DBAF6}
		{609AB04F-A004-FC48-9F9B-2145668A626F} = {609AB04F-A004-FC48-9F9B-2145668A626F}
		{791CCB2D-6155-D849-B298-50DB7F9CFDA7} = {791CCB2D-6155-D849-B298-50DB7F9CFDA7}
	EndProjectSection
EndProject
Project("{8BC9CEB8-8B4A-11D0-8D11-00A0C91BC942}") = "Test_OpenCL_Bullet3", "Test_OpenCL_Bullet3.vcxproj", "{DFAA6A39-70A9-A948-85E1-1D4DE99539C5}"
	ProjectSection(ProjectDependencies) = postProject
		{791CCB2D-6155-D849-B298-50DB7F9CFDA7} = {791CCB2D-6155-D849-B298-50DB7F9CFDA7}
		{BBD60E9E-A51F-9342-B3B4-3AC11581D698} = {BBD60E9E-A51F-9342-B3B4-3AC11581D698}
		{6751AE35-C8E4-BE4D-864E-2014D35DBAF6} = {6751AE35-C8E4-BE4D-864E-2014D35DBAF6}
	EndProjectSection
EndProject
Project("{8BC9CEB8-8B4A-11D0-8D11-00A0C91BC942}") = "Test_Gwen_OpenGL", "Test_Gwen_OpenGL.vcxproj", "{0DE04FAD-B64A-FA44-9FBD-9B8D3072D904}"
	ProjectSection(ProjectDependencies) = postProject
		{1EA9FC86-D7E6-9145-AF65-ADFAE212FE91} = {1EA9FC86-D7E6-9145-AF65-ADFAE212FE91}
	EndProjectSection
EndProject
Project("{8BC9CEB8-8B4A-11D0-8D11-00A0C91BC942}") = "BulletInverseDynamics", "BulletInverseDynamics.vcxproj", "{0E8603CE-2C3A-604A-B4FB-4226B39F3215}"
EndProject
Project("{8BC9CEB8-8B4A-11D0-8D11-00A0C91BC942}") = "BulletSoftBody", "BulletSoftBody.vcxproj", "{9DC8BF8E-1699-4B4F-8B76-EFCD4BBC325D}"
EndProject
Project("{8BC9CEB8-8B4A-11D0-8D11-00A0C91BC942}") = "BulletDynamics", "BulletDynamics.vcxproj", "{5E4A6AE7-0383-8547-8A9E-7C8D2E2B4B71}"
EndProject
Project("{8BC9CEB8-8B4A-11D0-8D11-00A0C91BC942}") = "BulletCollision", "BulletCollision.vcxproj", "{803AE98A-7630-F845-8E02-90609ACC9B79}"
EndProject
Project("{8BC9CEB8-8B4A-11D0-8D11-00A0C91BC942}") = "LinearMath", "LinearMath.vcxproj", "{609AB04F-A004-FC48-9F9B-2145668A626F}"
EndProject
Global
	GlobalSection(SolutionConfigurationPlatforms) = preSolution
		Release|Win32 = Release|Win32
		Release|x64 = Release|x64
		Debug|Win32 = Debug|Win32
		Debug|x64 = Debug|x64
	EndGlobalSection
	GlobalSection(ProjectConfigurationPlatforms) = postSolution
		{6751AE35-C8E4-BE4D-864E-2014D35DBAF6}.Release|Win32.ActiveCfg = Release|Win32
		{6751AE35-C8E4-BE4D-864E-2014D35DBAF6}.Release|Win32.Build.0 = Release|Win32
		{6751AE35-C8E4-BE4D-864E-2014D35DBAF6}.Release|x64.ActiveCfg = Release|x64
		{6751AE35-C8E4-BE4D-864E-2014D35DBAF6}.Release|x64.Build.0 = Release|x64
		{6751AE35-C8E4-BE4D-864E-2014D35DBAF6}.Debug|Win32.ActiveCfg = Debug|Win32
		{6751AE35-C8E4-BE4D-864E-2014D35DBAF6}.Debug|Win32.Build.0 = Debug|Win32
		{6751AE35-C8E4-BE4D-864E-2014D35DBAF6}.Debug|x64.ActiveCfg = Debug|x64
		{6751AE35-C8E4-BE4D-864E-2014D35DBAF6}.Debug|x64.Build.0 = Debug|x64
		{1736F370-2C0A-7148-B729-6C9E905434AC}.Release|Win32.ActiveCfg = Release|Win32
		{1736F370-2C0A-7148-B729-6C9E905434AC}.Release|Win32.Build.0 = Release|Win32
		{1736F370-2C0A-7148-B729-6C9E905434AC}.Release|x64.ActiveCfg = Release|x64
		{1736F370-2C0A-7148-B729-6C9E905434AC}.Release|x64.Build.0 = Release|x64
		{1736F370-2C0A-7148-B729-6C9E905434AC}.Debug|Win32.ActiveCfg = Debug|Win32
		{1736F370-2C0A-7148-B729-6C9E905434AC}.Debug|Win32.Build.0 = Debug|Win32
		{1736F370-2C0A-7148-B729-6C9E905434AC}.Debug|x64.ActiveCfg = Debug|x64
		{1736F370-2C0A-7148-B729-6C9E905434AC}.Debug|x64.Build.0 = Debug|x64
		{85D53752-F77F-914A-B53A-60559A6907A6}.Release|Win32.ActiveCfg = Release|Win32
		{85D53752-F77F-914A-B53A-60559A6907A6}.Release|Win32.Build.0 = Release|Win32
		{85D53752-F77F-914A-B53A-60559A6907A6}.Release|x64.ActiveCfg = Release|x64
		{85D53752-F77F-914A-B53A-60559A6907A6}.Release|x64.Build.0 = Release|x64
		{85D53752-F77F-914A-B53A-60559A6907A6}.Debug|Win32.ActiveCfg = Debug|Win32
		{85D53752-F77F-914A-B53A-60559A6907A6}.Debug|Win32.Build.0 = Debug|Win32
		{85D53752-F77F-914A-B53A-60559A6907A6}.Debug|x64.ActiveCfg = Debug|x64
		{85D53752-F77F-914A-B53A-60559A6907A6}.Debug|x64.Build.0 = Debug|x64
		{2AEAC34D-04DC-D546-B3C8-7B2F561B7A24}.Release|Win32.ActiveCfg = Release|Win32
		{2AEAC34D-04DC-D546-B3C8-7B2F561B7A24}.Release|Win32.Build.0 = Release|Win32
		{2AEAC34D-04DC-D546-B3C8-7B2F561B7A24}.Release|x64.ActiveCfg = Release|x64
		{2AEAC34D-04DC-D546-B3C8-7B2F561B7A24}.Release|x64.Build.0 = Release|x64
		{2AEAC34D-04DC-D546-B3C8-7B2F561B7A24}.Debug|Win32.ActiveCfg = Debug|Win32
		{2AEAC34D-04DC-D546-B3C8-7B2F561B7A24}.Debug|Win32.Build.0 = Debug|Win32
		{2AEAC34D-04DC-D546-B3C8-7B2F561B7A24}.Debug|x64.ActiveCfg = Debug|x64
		{2AEAC34D-04DC-D546-B3C8-7B2F561B7A24}.Debug|x64.Build.0 = Debug|x64
		{BBD60E9E-A51F-9342-B3B4-3AC11581D698}.Release|Win32.ActiveCfg = Release|Win32
		{BBD60E9E-A51F-9342-B3B4-3AC11581D698}.Release|Win32.Build.0 = Release|Win32
		{BBD60E9E-A51F-9342-B3B4-3AC11581D698}.Release|x64.ActiveCfg = Release|x64
		{BBD60E9E-A51F-9342-B3B4-3AC11581D698}.Release|x64.Build.0 = Release|x64
		{BBD60E9E-A51F-9342-B3B4-3AC11581D698}.Debug|Win32.ActiveCfg = Debug|Win32
		{BBD60E9E-A51F-9342-B3B4-3AC11581D698}.Debug|Win32.Build.0 = Debug|Win32
		{BBD60E9E-A51F-9342-B3B4-3AC11581D698}.Debug|x64.ActiveCfg = Debug|x64
		{BBD60E9E-A51F-9342-B3B4-3AC11581D698}.Debug|x64.Build.0 = Debug|x64
		{3892E541-6C96-A547-B190-0E0A95F678E6}.Release|Win32.ActiveCfg = Release|Win32
		{3892E541-6C96-A547-B190-0E0A95F678E6}.Release|Win32.Build.0 = Release|Win32
		{3892E541-6C96-A547-B190-0E0A95F678E6}.Release|x64.ActiveCfg = Release|x64
		{3892E541-6C96-A547-B190-0E0A95F678E6}.Release|x64.Build.0 = Release|x64
		{3892E541-6C96-A547-B190-0E0A95F678E6}.Debug|Win32.ActiveCfg = Debug|Win32
		{3892E541-6C96-A547-B190-0E0A95F678E6}.Debug|Win32.Build.0 = Debug|Win32
		{3892E541-6C96-A547-B190-0E0A95F678E6}.Debug|x64.ActiveCfg = Debug|x64
		{3892E541-6C96-A547-B190-0E0A95F678E6}.Debug|x64.Build.0 = Debug|x64
		{50FE49AD-A3B2-AD4D-B277-E220F130750B}.Release|Win32.ActiveCfg = Release|Win32
		{50FE49AD-A3B2-AD4D-B277-E220F130750B}.Release|Win32.Build.0 = Release|Win32
		{50FE49AD-A3B2-AD4D-B277-E220F130750B}.Release|x64.ActiveCfg = Release|x64
		{50FE49AD-A3B2-AD4D-B277-E220F130750B}.Release|x64.Build.0 = Release|x64
		{50FE49AD-A3B2-AD4D-B277-E220F130750B}.Debug|Win32.ActiveCfg = Debug|Win32
		{50FE49AD-A3B2-AD4D-B277-E220F130750B}.Debug|Win32.Build.0 = Debug|Win32
		{50FE49AD-A3B2-AD4D-B277-E220F130750B}.Debug|x64.ActiveCfg = Debug|x64
		{50FE49AD-A3B2-AD4D-B277-E220F130750B}.Debug|x64.Build.0 = Debug|x64
		{288CCE02-8625-2243-8095-BFE81D0D7528}.Release|Win32.ActiveCfg = Release|Win32
		{288CCE02-8625-2243-8095-BFE81D0D7528}.Release|Win32.Build.0 = Release|Win32
		{288CCE02-8625-2243-8095-BFE81D0D7528}.Release|x64.ActiveCfg = Release|x64
		{288CCE02-8625-2243-8095-BFE81D0D7528}.Release|x64.Build.0 = Release|x64
		{288CCE02-8625-2243-8095-BFE81D0D7528}.Debug|Win32.ActiveCfg = Debug|Win32
		{288CCE02-8625-2243-8095-BFE81D0D7528}.Debug|Win32.Build.0 = Debug|Win32
		{288CCE02-8625-2243-8095-BFE81D0D7528}.Debug|x64.ActiveCfg = Debug|x64
		{288CCE02-8625-2243-8095-BFE81D0D7528}.Debug|x64.Build.0 = Debug|x64
		{2C4B62DD-C78D-3D47-830F-47F1B28EB3E0}.Release|Win32.ActiveCfg = Release|Win32
		{2C4B62DD-C78D-3D47-830F-47F1B28EB3E0}.Release|Win32.Build.0 = Release|Win32
		{2C4B62DD-C78D-3D47-830F-47F1B28EB3E0}.Release|x64.ActiveCfg = Release|x64
		{2C4B62DD-C78D-3D47-830F-47F1B28EB3E0}.Release|x64.Build.0 = Release|x64
		{2C4B62DD-C78D-3D47-830F-47F1B28EB3E0}.Debug|Win32.ActiveCfg = Debug|Win32
		{2C4B62DD-C78D-3D47-830F-47F1B28EB3E0}.Debug|Win32.Build.0 = Debug|Win32
		{2C4B62DD-C78D-3D47-830F-47F1B28EB3E0}.Debug|x64.ActiveCfg = Debug|x64
		{2C4B62DD-C78D-3D47-830F-47F1B28EB3E0}.Debug|x64.Build.0 = Debug|x64
		{10EFBC13-09AF-D04C-9D28-C1F764CB5523}.Release|Win32.ActiveCfg = Release|Win32
		{10EFBC13-09AF-D04C-9D28-C1F764CB5523}.Release|Win32.Build.0 = Release|Win32
		{10EFBC13-09AF-D04C-9D28-C1F764CB5523}.Release|x64.ActiveCfg = Release|x64
		{10EFBC13-09AF-D04C-9D28-C1F764CB5523}.Release|x64.Build.0 = Release|x64
		{10EFBC13-09AF-D04C-9D28-C1F764CB5523}.Debug|Win32.ActiveCfg = Debug|Win32
		{10EFBC13-09AF-D04C-9D28-C1F764CB5523}.Debug|Win32.Build.0 = Debug|Win32
		{10EFBC13-09AF-D04C-9D28-C1F764CB5523}.Debug|x64.ActiveCfg = Debug|x64
		{10EFBC13-09AF-D04C-9D28-C1F764CB5523}.Debug|x64.Build.0 = Debug|x64
		{CC76A5F6-F870-074E-9FC0-5BDC69EB4852}.Release|Win32.ActiveCfg = Release|Win32
		{CC76A5F6-F870-074E-9FC0-5BDC69EB4852}.Release|Win32.Build.0 = Release|Win32
		{CC76A5F6-F870-074E-9FC0-5BDC69EB4852}.Release|x64.ActiveCfg = Release|x64
		{CC76A5F6-F870-074E-9FC0-5BDC69EB4852}.Release|x64.Build.0 = Release|x64
		{CC76A5F6-F870-074E-9FC0-5BDC69EB4852}.Debug|Win32.ActiveCfg = Debug|Win32
		{CC76A5F6-F870-074E-9FC0-5BDC69EB4852}.Debug|Win32.Build.0 = Debug|Win32
		{CC76A5F6-F870-074E-9FC0-5BDC69EB4852}.Debug|x64.ActiveCfg = Debug|x64
		{CC76A5F6-F870-074E-9FC0-5BDC69EB4852}.Debug|x64.Build.0 = Debug|x64
		{225181E6-F232-6045-9D83-3487557A38EC}.Release|Win32.ActiveCfg = Release|Win32
		{225181E6-F232-6045-9D83-3487557A38EC}.Release|Win32.Build.0 = Release|Win32
		{225181E6-F232-6045-9D83-3487557A38EC}.Release|x64.ActiveCfg = Release|x64
		{225181E6-F232-6045-9D83-3487557A38EC}.Release|x64.Build.0 = Release|x64
		{225181E6-F232-6045-9D83-3487557A38EC}.Debug|Win32.ActiveCfg = Debug|Win32
		{225181E6-F232-6045-9D83-3487557A38EC}.Debug|Win32.Build.0 = Debug|Win32
		{225181E6-F232-6045-9D83-3487557A38EC}.Debug|x64.ActiveCfg = Debug|x64
		{225181E6-F232-6045-9D83-3487557A38EC}.Debug|x64.Build.0 = Debug|x64
		{5913FF27-54E5-8C4D-AE44-4F6720BBFC02}.Release|Win32.ActiveCfg = Release|Win32
		{5913FF27-54E5-8C4D-AE44-4F6720BBFC02}.Release|Win32.Build.0 = Release|Win32
		{5913FF27-54E5-8C4D-AE44-4F6720BBFC02}.Release|x64.ActiveCfg = Release|x64
		{5913FF27-54E5-8C4D-AE44-4F6720BBFC02}.Release|x64.Build.0 = Release|x64
		{5913FF27-54E5-8C4D-AE44-4F6720BBFC02}.Debug|Win32.ActiveCfg = Debug|Win32
		{5913FF27-54E5-8C4D-AE44-4F6720BBFC02}.Debug|Win32.Build.0 = Debug|Win32
		{5913FF27-54E5-8C4D-AE44-4F6720BBFC02}.Debug|x64.ActiveCfg = Debug|x64
		{5913FF27-54E5-8C4D-AE44-4F6720BBFC02}.Debug|x64.Build.0 = Debug|x64
		{0DF9D456-51C5-4C49-9556-5EC3DC4AD37E}.Release|Win32.ActiveCfg = Release|Win32
		{0DF9D456-51C5-4C49-9556-5EC3DC4AD37E}.Release|Win32.Build.0 = Release|Win32
		{0DF9D456-51C5-4C49-9556-5EC3DC4AD37E}.Release|x64.ActiveCfg = Release|x64
		{0DF9D456-51C5-4C49-9556-5EC3DC4AD37E}.Release|x64.Build.0 = Release|x64
		{0DF9D456-51C5-4C49-9556-5EC3DC4AD37E}.Debug|Win32.ActiveCfg = Debug|Win32
		{0DF9D456-51C5-4C49-9556-5EC3DC4AD37E}.Debug|Win32.Build.0 = Debug|Win32
		{0DF9D456-51C5-4C49-9556-5EC3DC4AD37E}.Debug|x64.ActiveCfg = Debug|x64
		{0DF9D456-51C5-4C49-9556-5EC3DC4AD37E}.Debug|x64.Build.0 = Debug|x64
		{1EA9FC86-D7E6-9145-AF65-ADFAE212FE91}.Release|Win32.ActiveCfg = Release|Win32
		{1EA9FC86-D7E6-9145-AF65-ADFAE212FE91}.Release|Win32.Build.0 = Release|Win32
		{1EA9FC86-D7E6-9145-AF65-ADFAE212FE91}.Release|x64.ActiveCfg = Release|x64
		{1EA9FC86-D7E6-9145-AF65-ADFAE212FE91}.Release|x64.Build.0 = Release|x64
		{1EA9FC86-D7E6-9145-AF65-ADFAE212FE91}.Debug|Win32.ActiveCfg = Debug|Win32
		{1EA9FC86-D7E6-9145-AF65-ADFAE212FE91}.Debug|Win32.Build.0 = Debug|Win32
		{1EA9FC86-D7E6-9145-AF65-ADFAE212FE91}.Debug|x64.ActiveCfg = Debug|x64
		{1EA9FC86-D7E6-9145-AF65-ADFAE212FE91}.Debug|x64.Build.0 = Debug|x64
		{B0349CE2-FCAC-7043-878E-ED3B8BDAFC9D}.Release|Win32.ActiveCfg = Release|Win32
		{B0349CE2-FCAC-7043-878E-ED3B8BDAFC9D}.Release|Win32.Build.0 = Release|Win32
		{B0349CE2-FCAC-7043-878E-ED3B8BDAFC9D}.Release|x64.ActiveCfg = Release|x64
		{B0349CE2-FCAC-7043-878E-ED3B8BDAFC9D}.Release|x64.Build.0 = Release|x64
		{B0349CE2-FCAC-7043-878E-ED3B8BDAFC9D}.Debug|Win32.ActiveCfg = Debug|Win32
		{B0349CE2-FCAC-7043-878E-ED3B8BDAFC9D}.Debug|Win32.Build.0 = Debug|Win32
		{B0349CE2-FCAC-7043-878E-ED3B8BDAFC9D}.Debug|x64.ActiveCfg = Debug|x64
		{B0349CE2-FCAC-7043-878E-ED3B8BDAFC9D}.Debug|x64.Build.0 = Debug|x64
		{10B8B381-6C7F-9744-A810-76086E1B184A}.Release|Win32.ActiveCfg = Release|Win32
		{10B8B381-6C7F-9744-A810-76086E1B184A}.Release|Win32.Build.0 = Release|Win32
		{10B8B381-6C7F-9744-A810-76086E1B184A}.Release|x64.ActiveCfg = Release|x64
		{10B8B381-6C7F-9744-A810-76086E1B184A}.Release|x64.Build.0 = Release|x64
		{10B8B381-6C7F-9744-A810-76086E1B184A}.Debug|Win32.ActiveCfg = Debug|Win32
		{10B8B381-6C7F-9744-A810-76086E1B184A}.Debug|Win32.Build.0 = Debug|Win32
		{10B8B381-6C7F-9744-A810-76086E1B184A}.Debug|x64.ActiveCfg = Debug|x64
		{10B8B381-6C7F-9744-A810-76086E1B184A}.Debug|x64.Build.0 = Debug|x64
		{79C266AD-C509-F34D-BCC3-05A608A5D8BA}.Release|Win32.ActiveCfg = Release|Win32
		{79C266AD-C509-F34D-BCC3-05A608A5D8BA}.Release|Win32.Build.0 = Release|Win32
		{79C266AD-C509-F34D-BCC3-05A608A5D8BA}.Release|x64.ActiveCfg = Release|x64
		{79C266AD-C509-F34D-BCC3-05A608A5D8BA}.Release|x64.Build.0 = Release|x64
		{79C266AD-C509-F34D-BCC3-05A608A5D8BA}.Debug|Win32.ActiveCfg = Debug|Win32
		{79C266AD-C509-F34D-BCC3-05A608A5D8BA}.Debug|Win32.Build.0 = Debug|Win32
		{79C266AD-C509-F34D-BCC3-05A608A5D8BA}.Debug|x64.ActiveCfg = Debug|x64
		{79C266AD-C509-F34D-BCC3-05A608A5D8BA}.Debug|x64.Build.0 = Debug|x64
		{FFBB9191-7A10-924B-86AA-A24AA212DC84}.Release|Win32.ActiveCfg = Release|Win32
		{FFBB9191-7A10-924B-86AA-A24AA212DC84}.Release|Win32.Build.0 = Release|Win32
		{FFBB9191-7A10-924B-86AA-A24AA212DC84}.Release|x64.ActiveCfg = Release|x64
		{FFBB9191-7A10-924B-86AA-A24AA212DC84}.Release|x64.Build.0 = Release|x64
		{FFBB9191-7A10-924B-86AA-A24AA212DC84}.Debug|Win32.ActiveCfg = Debug|Win32
		{FFBB9191-7A10-924B-86AA-A24AA212DC84}.Debug|Win32.Build.0 = Debug|Win32
		{FFBB9191-7A10-924B-86AA-A24AA212DC84}.Debug|x64.ActiveCfg = Debug|x64
		{FFBB9191-7A10-924B-86AA-A24AA212DC84}.Debug|x64.Build.0 = Debug|x64
		{1A0E9668-1826-7346-9138-5035A1B070E4}.Release|Win32.ActiveCfg = Release|Win32
		{1A0E9668-1826-7346-9138-5035A1B070E4}.Release|Win32.Build.0 = Release|Win32
		{1A0E9668-1826-7346-9138-5035A1B070E4}.Release|x64.ActiveCfg = Release|x64
		{1A0E9668-1826-7346-9138-5035A1B070E4}.Release|x64.Build.0 = Release|x64
		{1A0E9668-1826-7346-9138-5035A1B070E4}.Debug|Win32.ActiveCfg = Debug|Win32
		{1A0E9668-1826-7346-9138-5035A1B070E4}.Debug|Win32.Build.0 = Debug|Win32
		{1A0E9668-1826-7346-9138-5035A1B070E4}.Debug|x64.ActiveCfg = Debug|x64
		{1A0E9668-1826-7346-9138-5035A1B070E4}.Debug|x64.Build.0 = Debug|x64
		{6A8C4B88-76C7-054C-BE7A-CEA44C0FAD5D}.Release|Win32.ActiveCfg = Release|Win32
		{6A8C4B88-76C7-054C-BE7A-CEA44C0FAD5D}.Release|Win32.Build.0 = Release|Win32
		{6A8C4B88-76C7-054C-BE7A-CEA44C0FAD5D}.Release|x64.ActiveCfg = Release|x64
		{6A8C4B88-76C7-054C-BE7A-CEA44C0FAD5D}.Release|x64.Build.0 = Release|x64
		{6A8C4B88-76C7-054C-BE7A-CEA44C0FAD5D}.Debug|Win32.ActiveCfg = Debug|Win32
		{6A8C4B88-76C7-054C-BE7A-CEA44C0FAD5D}.Debug|Win32.Build.0 = Debug|Win32
		{6A8C4B88-76C7-054C-BE7A-CEA44C0FAD5D}.Debug|x64.ActiveCfg = Debug|x64
		{6A8C4B88-76C7-054C-BE7A-CEA44C0FAD5D}.Debug|x64.Build.0 = Debug|x64
		{8120D8B4-4A68-C642-8E0E-BB1ED796D4B3}.Release|Win32.ActiveCfg = Release|Win32
		{8120D8B4-4A68-C642-8E0E-BB1ED796D4B3}.Release|Win32.Build.0 = Release|Win32
		{8120D8B4-4A68-C642-8E0E-BB1ED796D4B3}.Release|x64.ActiveCfg = Release|x64
		{8120D8B4-4A68-C642-8E0E-BB1ED796D4B3}.Release|x64.Build.0 = Release|x64
		{8120D8B4-4A68-C642-8E0E-BB1ED796D4B3}.Debug|Win32.ActiveCfg = Debug|Win32
		{8120D8B4-4A68-C642-8E0E-BB1ED796D4B3}.Debug|Win32.Build.0 = Debug|Win32
		{8120D8B4-4A68-C642-8E0E-BB1ED796D4B3}.Debug|x64.ActiveCfg = Debug|x64
		{8120D8B4-4A68-C642-8E0E-BB1ED796D4B3}.Debug|x64.Build.0 = Debug|x64
		{663CD6B8-D615-1743-B332-5C0C1B9B3C51}.Release|Win32.ActiveCfg = Release|Win32
		{663CD6B8-D615-1743-B332-5C0C1B9B3C51}.Release|Win32.Build.0 = Release|Win32
		{663CD6B8-D615-1743-B332-5C0C1B9B3C51}.Release|x64.ActiveCfg = Release|x64
		{663CD6B8-D615-1743-B332-5C0C1B9B3C51}.Release|x64.Build.0 = Release|x64
		{663CD6B8-D615-1743-B332-5C0C1B9B3C51}.Debug|Win32.ActiveCfg = Debug|Win32
		{663CD6B8-D615-1743-B332-5C0C1B9B3C51}.Debug|Win32.Build.0 = Debug|Win32
		{663CD6B8-D615-1743-B332-5C0C1B9B3C51}.Debug|x64.ActiveCfg = Debug|x64
		{663CD6B8-D615-1743-B332-5C0C1B9B3C51}.Debug|x64.Build.0 = Debug|x64
		{791CCB2D-6155-D849-B298-50DB7F9CFDA7}.Release|Win32.ActiveCfg = Release|Win32
		{791CCB2D-6155-D849-B298-50DB7F9CFDA7}.Release|Win32.Build.0 = Release|Win32
		{791CCB2D-6155-D849-B298-50DB7F9CFDA7}.Release|x64.ActiveCfg = Release|x64
		{791CCB2D-6155-D849-B298-50DB7F9CFDA7}.Release|x64.Build.0 = Release|x64
		{791CCB2D-6155-D849-B298-50DB7F9CFDA7}.Debug|Win32.ActiveCfg = Debug|Win32
		{791CCB2D-6155-D849-B298-50DB7F9CFDA7}.Debug|Win32.Build.0 = Debug|Win32
		{791CCB2D-6155-D849-B298-50DB7F9CFDA7}.Debug|x64.ActiveCfg = Debug|x64
		{791CCB2D-6155-D849-B298-50DB7F9CFDA7}.Debug|x64.Build.0 = Debug|x64
		{4852B71A-1DA0-DF4E-B57C-4F5FD26282EB}.Release|Win32.ActiveCfg = Release|Win32
		{4852B71A-1DA0-DF4E-B57C-4F5FD26282EB}.Release|Win32.Build.0 = Release|Win32
		{4852B71A-1DA0-DF4E-B57C-4F5FD26282EB}.Release|x64.ActiveCfg = Release|x64
		{4852B71A-1DA0-DF4E-B57C-4F5FD26282EB}.Release|x64.Build.0 = Release|x64
		{4852B71A-1DA0-DF4E-B57C-4F5FD26282EB}.Debug|Win32.ActiveCfg = Debug|Win32
		{4852B71A-1DA0-DF4E-B57C-4F5FD26282EB}.Debug|Win32.Build.0 = Debug|Win32
		{4852B71A-1DA0-DF4E-B57C-4F5FD26282EB}.Debug|x64.ActiveCfg = Debug|x64
		{4852B71A-1DA0-DF4E-B57C-4F5FD26282EB}.Debug|x64.Build.0 = Debug|x64
		{C6407D83-C185-4144-9EE4-A0D700258E7E}.Release|Win32.ActiveCfg = Release|Win32
		{C6407D83-C185-4144-9EE4-A0D700258E7E}.Release|Win32.Build.0 = Release|Win32
		{C6407D83-C185-4144-9EE4-A0D700258E7E}.Release|x64.ActiveCfg = Release|x64
		{C6407D83-C185-4144-9EE4-A0D700258E7E}.Release|x64.Build.0 = Release|x64
		{C6407D83-C185-4144-9EE4-A0D700258E7E}.Debug|Win32.ActiveCfg = Debug|Win32
		{C6407D83-C185-4144-9EE4-A0D700258E7E}.Debug|Win32.Build.0 = Debug|Win32
		{C6407D83-C185-4144-9EE4-A0D700258E7E}.Debug|x64.ActiveCfg = Debug|x64
		{C6407D83-C185-4144-9EE4-A0D700258E7E}.Debug|x64.Build.0 = Debug|x64
		{675F6608-62A4-8D42-9BD4-AD0B39EACDBF}.Release|Win32.ActiveCfg = Release|Win32
		{675F6608-62A4-8D42-9BD4-AD0B39EACDBF}.Release|Win32.Build.0 = Release|Win32
		{675F6608-62A4-8D42-9BD4-AD0B39EACDBF}.Release|x64.ActiveCfg = Release|x64
		{675F6608-62A4-8D42-9BD4-AD0B39EACDBF}.Release|x64.Build.0 = Release|x64
		{675F6608-62A4-8D42-9BD4-AD0B39EACDBF}.Debug|Win32.ActiveCfg = Debug|Win32
		{675F6608-62A4-8D42-9BD4-AD0B39EACDBF}.Debug|Win32.Build.0 = Debug|Win32
		{675F6608-62A4-8D42-9BD4-AD0B39EACDBF}.Debug|x64.ActiveCfg = Debug|x64
		{675F6608-62A4-8D42-9BD4-AD0B39EACDBF}.Debug|x64.Build.0 = Debug|x64
		{1613E905-4B11-8644-8EF7-A0B0F6395E4B}.Release|Win32.ActiveCfg = Release|Win32
		{1613E905-4B11-8644-8EF7-A0B0F6395E4B}.Release|Win32.Build.0 = Release|Win32
		{1613E905-4B11-8644-8EF7-A0B0F6395E4B}.Release|x64.ActiveCfg = Release|x64
		{1613E905-4B11-8644-8EF7-A0B0F6395E4B}.Release|x64.Build.0 = Release|x64
		{1613E905-4B11-8644-8EF7-A0B0F6395E4B}.Debug|Win32.ActiveCfg = Debug|Win32
		{1613E905-4B11-8644-8EF7-A0B0F6395E4B}.Debug|Win32.Build.0 = Debug|Win32
		{1613E905-4B11-8644-8EF7-A0B0F6395E4B}.Debug|x64.ActiveCfg = Debug|x64
		{1613E905-4B11-8644-8EF7-A0B0F6395E4B}.Debug|x64.Build.0 = Debug|x64
		{DFAA6A39-70A9-A948-85E1-1D4DE99539C5}.Release|Win32.ActiveCfg = Release|Win32
		{DFAA6A39-70A9-A948-85E1-1D4DE99539C5}.Release|Win32.Build.0 = Release|Win32
		{DFAA6A39-70A9-A948-85E1-1D4DE99539C5}.Release|x64.ActiveCfg = Release|x64
		{DFAA6A39-70A9-A948-85E1-1D4DE99539C5}.Release|x64.Build.0 = Release|x64
		{DFAA6A39-70A9-A948-85E1-1D4DE99539C5}.Debug|Win32.ActiveCfg = Debug|Win32
		{DFAA6A39-70A9-A948-85E1-1D4DE99539C5}.Debug|Win32.Build.0 = Debug|Win32
		{DFAA6A39-70A9-A948-85E1-1D4DE99539C5}.Debug|x64.ActiveCfg = Debug|x64
		{DFAA6A39-70A9-A948-85E1-1D4DE99539C5}.Debug|x64.Build.0 = Debug|x64
		{0DE04FAD-B64A-FA44-9FBD-9B8D3072D904}.Release|Win32.ActiveCfg = Release|Win32
		{0DE04FAD-B64A-FA44-9FBD-9B8D3072D904}.Release|Win32.Build.0 = Release|Win32
		{0DE04FAD-B64A-FA44-9FBD-9B8D3072D904}.Release|x64.ActiveCfg = Release|x64
		{0DE04FAD-B64A-FA44-9FBD-9B8D3072D904}.Release|x64.Build.0 = Release|x64
		{0DE04FAD-B64A-FA44-9FBD-9B8D3072D904}.Debug|Win32.ActiveCfg = Debug|Win32
		{0DE04FAD-B64A-FA44-9FBD-9B8D3072D904}.Debug|Win32.Build.0 = Debug|Win32
		{0DE04FAD-B64A-FA44-9FBD-9B8D3072D904}.Debug|x64.ActiveCfg = Debug|x64
		{0DE04FAD-B64A-FA44-9FBD-9B8D3072D904}.Debug|x64.Build.0 = Debug|x64
		{0E8603CE-2C3A-604A-B4FB-4226B39F3215}.Release|Win32.ActiveCfg = Release|Win32
		{0E8603CE-2C3A-604A-B4FB-4226B39F3215}.Release|Win32.Build.0 = Release|Win32
		{0E8603CE-2C3A-604A-B4FB-4226B39F3215}.Release|x64.ActiveCfg = Release|x64
		{0E8603CE-2C3A-604A-B4FB-4226B39F3215}.Release|x64.Build.0 = Release|x64
		{0E8603CE-2C3A-604A-B4FB-4226B39F3215}.Debug|Win32.ActiveCfg = Debug|Win32
		{0E8603CE-2C3A-604A-B4FB-4226B39F3215}.Debug|Win32.Build.0 = Debug|Win32
		{0E8603CE-2C3A-604A-B4FB-4226B39F3215}.Debug|x64.ActiveCfg = Debug|x64
		{0E8603CE-2C3A-604A-B4FB-4226B39F3215}.Debug|x64.Build.0 = Debug|x64
		{9DC8BF8E-1699-4B4F-8B76-EFCD4BBC325D}.Release|Win32.ActiveCfg = Release|Win32
		{9DC8BF8E-1699-4B4F-8B76-EFCD4BBC325D}.Release|Win32.Build.0 = Release|Win32
		{9DC8BF8E-1699-4B4F-8B76-EFCD4BBC325D}.Release|x64.ActiveCfg = Release|x64
		{9DC8BF8E-1699-4B4F-8B76-EFCD4BBC325D}.Release|x64.Build.0 = Release|x64
		{9DC8BF8E-1699-4B4F-8B76-EFCD4BBC325D}.Debug|Win32.ActiveCfg = Debug|Win32
		{9DC8BF8E-1699-4B4F-8B76-EFCD4BBC325D}.Debug|Win32.Build.0 = Debug|Win32
		{9DC8BF8E-1699-4B4F-8B76-EFCD4BBC325D}.Debug|x64.ActiveCfg = Debug|x64
		{9DC8BF8E-1699-4B4F-8B76-EFCD4BBC325D}.Debug|x64.Build.0 = Debug|x64
		{5E4A6AE7-0383-8547-8A9E-7C8D2E2B4B71}.Release|Win32.ActiveCfg = Release|Win32
		{5E4A6AE7-0383-8547-8A9E-7C8D2E2B4B71}.Release|Win32.Build.0 = Release|Win32
		{5E4A6AE7-0383-8547-8A9E-7C8D2E2B4B71}.Release|x64.ActiveCfg = Release|x64
		{5E4A6AE7-0383-8547-8A9E-7C8D2E2B4B71}.Release|x64.Build.0 = Release|x64
		{5E4A6AE7-0383-8547-8A9E-7C8D2E2B4B71}.Debug|Win32.ActiveCfg = Debug|Win32
		{5E4A6AE7-0383-8547-8A9E-7C8D2E2B4B71}.Debug|Win32.Build.0 = Debug|Win32
		{5E4A6AE7-0383-8547-8A9E-7C8D2E2B4B71}.Debug|x64.ActiveCfg = Debug|x64
		{5E4A6AE7-0383-8547-8A9E-7C8D2E2B4B71}.Debug|x64.Build.0 = Debug|x64
		{803AE98A-7630-F845-8E02-90609ACC9B79}.Release|Win32.ActiveCfg = Release|Win32
		{803AE98A-7630-F845-8E02-90609ACC9B79}.Release|Win32.Build.0 = Release|Win32
		{803AE98A-7630-F845-8E02-90609ACC9B79}.Release|x64.ActiveCfg = Release|x64
		{803AE98A-7630-F845-8E02-90609ACC9B79}.Release|x64.Build.0 = Release|x64
		{803AE98A-7630-F845-8E02-90609ACC9B79}.Debug|Win32.ActiveCfg = Debug|Win32
		{803AE98A-7630-F845-8E02-90609ACC9B79}.Debug|Win32.Build.0 = Debug|Win32
		{803AE98A-7630-F845-8E02-90609ACC9B79}.Debug|x64.ActiveCfg = Debug|x64
		{803AE98A-7630-F845-8E02-90609ACC9B79}.Debug|x64.Build.0 = Debug|x64
		{609AB04F-A004-FC48-9F9B-2145668A626F}.Release|Win32.ActiveCfg = Release|Win32
		{609AB04F-A004-FC48-9F9B-2145668A626F}.Release|Win32.Build.0 = Release|Win32
		{609AB04F-A004-FC48-9F9B-2145668A626F}.Release|x64.ActiveCfg = Release|x64
		{609AB04F-A004-FC48-9F9B-2145668A626F}.Release|x64.Build.0 = Release|x64
		{609AB04F-A004-FC48-9F9B-2145668A626F}.Debug|Win32.ActiveCfg = Debug|Win32
		{609AB04F-A004-FC48-9F9B-2145668A626F}.Debug|Win32.Build.0 = Debug|Win32
		{609AB04F-A004-FC48-9F9B-2145668A626F}.Debug|x64.ActiveCfg = Debug|x64
		{609AB04F-A004-FC48-9F9B-2145668A626F}.Debug|x64.Build.0 = Debug|x64
	EndGlobalSection
	GlobalSection(SolutionProperties) = preSolution
		HideSolutionNode = FALSE
	EndGlobalSection
EndGlobal
