<?xml version="1.0" encoding="utf-8"?>
<Project ToolsVersion="4.0" xmlns="http://schemas.microsoft.com/developer/msbuild/2003">
  <ItemGroup>
    <Filter Include="examples">
      <UniqueIdentifier>{09AEE345-A178-994A-9A7B-53EFC280243A}</UniqueIdentifier>
    </Filter>
    <Filter Include="examples\HelloWorld">
      <UniqueIdentifier>{AC9D7878-87A1-DD4F-9BEB-2F237379B365}</UniqueIdentifier>
    </Filter>
  </ItemGroup>
  <ItemGroup>
    <ClCompile Include="..\..\examples\HelloWorld\HelloWorld.cpp">
      <Filter>examples\HelloWorld</Filter>
    </ClCompile>
  </ItemGroup>
</Project>
