<?xml version="1.0" encoding="utf-8"?>
<Project ToolsVersion="4.0" xmlns="http://schemas.microsoft.com/developer/msbuild/2003">
  <ItemGroup>
    <Filter Include="src">
      <UniqueIdentifier>{B9BBD768-9CDD-7244-9CF6-7E74E241C1B7}</UniqueIdentifier>
    </Filter>
    <Filter Include="src\clew">
      <UniqueIdentifier>{D9F885CE-4543-1545-A96A-AE184A9AADCE}</UniqueIdentifier>
    </Filter>
    <Filter Include="src\Bullet3OpenCL">
      <UniqueIdentifier>{C7F11ED2-05C0-864A-97C5-ABF6E08E932C}</UniqueIdentifier>
    </Filter>
    <Filter Include="src\Bullet3OpenCL\BroadphaseCollision">
      <UniqueIdentifier>{C39F1462-C31D-1847-8316-16D29CC54BEF}</UniqueIdentifier>
    </Filter>
    <Filter Include="src\Bullet3OpenCL\Initialize">
      <UniqueIdentifier>{0C8F5C0B-798C-8346-A09A-8EC437BB41DA}</UniqueIdentifier>
    </Filter>
    <Filter Include="src\Bullet3OpenCL\NarrowphaseCollision">
      <UniqueIdentifier>{8C0459D7-1F93-1641-B25A-429F3C5B6648}</UniqueIdentifier>
    </Filter>
    <Filter Include="src\Bullet3OpenCL\ParallelPrimitives">
      <UniqueIdentifier>{BCA346F7-1B2C-7543-B369-8D2EE4CCBBE9}</UniqueIdentifier>
    </Filter>
    <Filter Include="src\Bullet3OpenCL\Raycast">
      <UniqueIdentifier>{36F66DD8-262E-2142-AA8C-8AD60D4B9309}</UniqueIdentifier>
    </Filter>
    <Filter Include="src\Bullet3OpenCL\RigidBody">
      <UniqueIdentifier>{001BEC07-DF4B-8D44-9E37-5FC0CDA8B61C}</UniqueIdentifier>
    </Filter>
    <Filter Include="src\Bullet3OpenCL\BroadphaseCollision\kernels">
      <UniqueIdentifier>{7AD3C466-95D7-E04A-8207-2C94F690BE8C}</UniqueIdentifier>
    </Filter>
    <Filter Include="src\Bullet3OpenCL\NarrowphaseCollision\kernels">
      <UniqueIdentifier>{90E5F6E3-0B37-AD44-BC53-3C35EE8F27CA}</UniqueIdentifier>
    </Filter>
    <Filter Include="src\Bullet3OpenCL\ParallelPrimitives\kernels">
      <UniqueIdentifier>{83416146-A5F9-E64D-A39A-D05B53122434}</UniqueIdentifier>
    </Filter>
    <Filter Include="src\Bullet3OpenCL\Raycast\kernels">
      <UniqueIdentifier>{496473F4-7D27-8B4E-8734-452F579778B8}</UniqueIdentifier>
    </Filter>
    <Filter Include="src\Bullet3OpenCL\RigidBody\kernels">
      <UniqueIdentifier>{4C6FCBDD-9868-B044-8EC6-C165C4B2417D}</UniqueIdentifier>
    </Filter>
  </ItemGroup>
  <ItemGroup>
    <ClInclude Include="..\..\src\clew\clew.h">
      <Filter>src\clew</Filter>
    </ClInclude>
    <ClInclude Include="..\..\src\Bullet3OpenCL\BroadphaseCollision\b3GpuBroadphaseInterface.h">
      <Filter>src\Bullet3OpenCL\BroadphaseCollision</Filter>
    </ClInclude>
    <ClInclude Include="..\..\src\Bullet3OpenCL\BroadphaseCollision\b3GpuGridBroadphase.h">
      <Filter>src\Bullet3OpenCL\BroadphaseCollision</Filter>
    </ClInclude>
    <ClInclude Include="..\..\src\Bullet3OpenCL\BroadphaseCollision\b3GpuParallelLinearBvh.h">
      <Filter>src\Bullet3OpenCL\BroadphaseCollision</Filter>
    </ClInclude>
    <ClInclude Include="..\..\src\Bullet3OpenCL\BroadphaseCollision\b3GpuParallelLinearBvhBroadphase.h">
      <Filter>src\Bullet3OpenCL\BroadphaseCollision</Filter>
    </ClInclude>
    <ClInclude Include="..\..\src\Bullet3OpenCL\BroadphaseCollision\b3GpuSapBroadphase.h">
      <Filter>src\Bullet3OpenCL\BroadphaseCollision</Filter>
    </ClInclude>
    <ClInclude Include="..\..\src\Bullet3OpenCL\BroadphaseCollision\b3SapAabb.h">
      <Filter>src\Bullet3OpenCL\BroadphaseCollision</Filter>
    </ClInclude>
    <ClInclude Include="..\..\src\Bullet3OpenCL\BroadphaseCollision\kernels\gridBroadphaseKernels.h">
      <Filter>src\Bullet3OpenCL\BroadphaseCollision\kernels</Filter>
    </ClInclude>
    <ClInclude Include="..\..\src\Bullet3OpenCL\BroadphaseCollision\kernels\parallelLinearBvhKernels.h">
      <Filter>src\Bullet3OpenCL\BroadphaseCollision\kernels</Filter>
    </ClInclude>
    <ClInclude Include="..\..\src\Bullet3OpenCL\BroadphaseCollision\kernels\sapKernels.h">
      <Filter>src\Bullet3OpenCL\BroadphaseCollision\kernels</Filter>
    </ClInclude>
    <ClInclude Include="..\..\src\Bullet3OpenCL\Initialize\b3OpenCLInclude.h">
      <Filter>src\Bullet3OpenCL\Initialize</Filter>
    </ClInclude>
    <ClInclude Include="..\..\src\Bullet3OpenCL\Initialize\b3OpenCLUtils.h">
      <Filter>src\Bullet3OpenCL\Initialize</Filter>
    </ClInclude>
    <ClInclude Include="..\..\src\Bullet3OpenCL\NarrowphaseCollision\b3BvhInfo.h">
      <Filter>src\Bullet3OpenCL\NarrowphaseCollision</Filter>
    </ClInclude>
    <ClInclude Include="..\..\src\Bullet3OpenCL\NarrowphaseCollision\b3ContactCache.h">
      <Filter>src\Bullet3OpenCL\NarrowphaseCollision</Filter>
    </ClInclude>
    <ClInclude Include="..\..\src\Bullet3OpenCL\NarrowphaseCollision\b3ConvexHullContact.h">
      <Filter>src\Bullet3OpenCL\NarrowphaseCollision</Filter>
    </ClInclude>
    <ClInclude Include="..\..\src\Bullet3OpenCL\NarrowphaseCollision\b3ConvexPolyhedronCL.h">
      <Filter>src\Bullet3OpenCL\NarrowphaseCollision</Filter>
    </ClInclude>
    <ClInclude Include="..\..\src\Bullet3OpenCL\NarrowphaseCollision\b3GjkEpa.h">
      <Filter>src\Bullet3OpenCL\NarrowphaseCollision</Filter>
    </ClInclude>
    <ClInclude Include="..\..\src\Bullet3OpenCL\NarrowphaseCollision\b3GjkPairDetector.h">
      <Filter>src\Bullet3OpenCL\NarrowphaseCollision</Filter>
    </ClInclude>
    <ClInclude Include="..\..\src\Bullet3OpenCL\NarrowphaseCollision\b3OptimizedBvh.h">
      <Filter>src\Bullet3OpenCL\NarrowphaseCollision</Filter>
    </ClInclude>
    <ClInclude Include="..\..\src\Bullet3OpenCL\NarrowphaseCollision\b3QuantizedBvh.h">
      <Filter>src\Bullet3OpenCL\NarrowphaseCollision</Filter>
    </ClInclude>
    <ClInclude Include="..\..\src\Bullet3OpenCL\NarrowphaseCollision\b3StridingMeshInterface.h">
      <Filter>src\Bullet3OpenCL\NarrowphaseCollision</Filter>
    </ClInclude>
    <ClInclude Include="..\..\src\Bullet3OpenCL\NarrowphaseCollision\b3SupportMappings.h">
      <Filter>src\Bullet3OpenCL\NarrowphaseCollision</Filter>
    </ClInclude>
    <ClInclude Include="..\..\src\Bullet3OpenCL\NarrowphaseCollision\b3TriangleCallback.h">
      <Filter>src\Bullet3OpenCL\NarrowphaseCollision</Filter>
    </ClInclude>
    <ClInclude Include="..\..\src\Bullet3OpenCL\NarrowphaseCollision\b3TriangleIndexVertexArray.h">
      <Filter>src\Bullet3OpenCL\NarrowphaseCollision</Filter>
    </ClInclude>
    <ClInclude Include="..\..\src\Bullet3OpenCL\NarrowphaseCollision\b3VectorFloat4.h">
      <Filter>src\Bullet3OpenCL\NarrowphaseCollision</Filter>
    </ClInclude>
    <ClInclude Include="..\..\src\Bullet3OpenCL\NarrowphaseCollision\b3VoronoiSimplexSolver.h">
      <Filter>src\Bullet3OpenCL\NarrowphaseCollision</Filter>
    </ClInclude>
    <ClInclude Include="..\..\src\Bullet3OpenCL\NarrowphaseCollision\kernels\bvhTraversal.h">
      <Filter>src\Bullet3OpenCL\NarrowphaseCollision\kernels</Filter>
    </ClInclude>
    <ClInclude Include="..\..\src\Bullet3OpenCL\NarrowphaseCollision\kernels\mprKernels.h">
      <Filter>src\Bullet3OpenCL\NarrowphaseCollision\kernels</Filter>
    </ClInclude>
    <ClInclude Include="..\..\src\Bullet3OpenCL\NarrowphaseCollision\kernels\primitiveContacts.h">
      <Filter>src\Bullet3OpenCL\NarrowphaseCollision\kernels</Filter>
    </ClInclude>
    <ClInclude Include="..\..\src\Bullet3OpenCL\NarrowphaseCollision\kernels\satClipHullContacts.h">
      <Filter>src\Bullet3OpenCL\NarrowphaseCollision\kernels</Filter>
    </ClInclude>
    <ClInclude Include="..\..\src\Bullet3OpenCL\NarrowphaseCollision\kernels\satConcaveKernels.h">
      <Filter>src\Bullet3OpenCL\NarrowphaseCollision\kernels</Filter>
    </ClInclude>
    <ClInclude Include="..\..\src\Bullet3OpenCL\NarrowphaseCollision\kernels\satKernels.h">
      <Filter>src\Bullet3OpenCL\NarrowphaseCollision\kernels</Filter>
    </ClInclude>
    <ClInclude Include="..\..\src\Bullet3OpenCL\ParallelPrimitives\b3BoundSearchCL.h">
      <Filter>src\Bullet3OpenCL\ParallelPrimitives</Filter>
    </ClInclude>
    <ClInclude Include="..\..\src\Bullet3OpenCL\ParallelPrimitives\b3BufferInfoCL.h">
      <Filter>src\Bullet3OpenCL\ParallelPrimitives</Filter>
    </ClInclude>
    <ClInclude Include="..\..\src\Bullet3OpenCL\ParallelPrimitives\b3FillCL.h">
      <Filter>src\Bullet3OpenCL\ParallelPrimitives</Filter>
    </ClInclude>
    <ClInclude Include="..\..\src\Bullet3OpenCL\ParallelPrimitives\b3LauncherCL.h">
      <Filter>src\Bullet3OpenCL\ParallelPrimitives</Filter>
    </ClInclude>
    <ClInclude Include="..\..\src\Bullet3OpenCL\ParallelPrimitives\b3OpenCLArray.h">
      <Filter>src\Bullet3OpenCL\ParallelPrimitives</Filter>
    </ClInclude>
    <ClInclude Include="..\..\src\Bullet3OpenCL\ParallelPrimitives\b3PrefixScanCL.h">
      <Filter>src\Bullet3OpenCL\ParallelPrimitives</Filter>
    </ClInclude>
    <ClInclude Include="..\..\src\Bullet3OpenCL\ParallelPrimitives\b3PrefixScanFloat4CL.h">
      <Filter>src\Bullet3OpenCL\ParallelPrimitives</Filter>
    </ClInclude>
    <ClInclude Include="..\..\src\Bullet3OpenCL\ParallelPrimitives\b3RadixSort32CL.h">
      <Filter>src\Bullet3OpenCL\ParallelPrimitives</Filter>
    </ClInclude>
    <ClInclude Include="..\..\src\Bullet3OpenCL\ParallelPrimitives\kernels\BoundSearchKernelsCL.h">
      <Filter>src\Bullet3OpenCL\ParallelPrimitives\kernels</Filter>
    </ClInclude>
    <ClInclude Include="..\..\src\Bullet3OpenCL\ParallelPrimitives\kernels\CopyKernelsCL.h">
      <Filter>src\Bullet3OpenCL\ParallelPrimitives\kernels</Filter>
    </ClInclude>
    <ClInclude Include="..\..\src\Bullet3OpenCL\ParallelPrimitives\kernels\FillKernelsCL.h">
      <Filter>src\Bullet3OpenCL\ParallelPrimitives\kernels</Filter>
    </ClInclude>
    <ClInclude Include="..\..\src\Bullet3OpenCL\ParallelPrimitives\kernels\PrefixScanKernelsCL.h">
      <Filter>src\Bullet3OpenCL\ParallelPrimitives\kernels</Filter>
    </ClInclude>
    <ClInclude Include="..\..\src\Bullet3OpenCL\ParallelPrimitives\kernels\PrefixScanKernelsFloat4CL.h">
      <Filter>src\Bullet3OpenCL\ParallelPrimitives\kernels</Filter>
    </ClInclude>
    <ClInclude Include="..\..\src\Bullet3OpenCL\ParallelPrimitives\kernels\RadixSort32KernelsCL.h">
      <Filter>src\Bullet3OpenCL\ParallelPrimitives\kernels</Filter>
    </ClInclude>
    <ClInclude Include="..\..\src\Bullet3OpenCL\Raycast\b3GpuRaycast.h">
      <Filter>src\Bullet3OpenCL\Raycast</Filter>
    </ClInclude>
    <ClInclude Include="..\..\src\Bullet3OpenCL\Raycast\kernels\rayCastKernels.h">
      <Filter>src\Bullet3OpenCL\Raycast\kernels</Filter>
    </ClInclude>
    <ClInclude Include="..\..\src\Bullet3OpenCL\RigidBody\b3GpuConstraint4.h">
      <Filter>src\Bullet3OpenCL\RigidBody</Filter>
    </ClInclude>
    <ClInclude Include="..\..\src\Bullet3OpenCL\RigidBody\b3GpuGenericConstraint.h">
      <Filter>src\Bullet3OpenCL\RigidBody</Filter>
    </ClInclude>
    <ClInclude Include="..\..\src\Bullet3OpenCL\RigidBody\b3GpuJacobiContactSolver.h">
      <Filter>src\Bullet3OpenCL\RigidBody</Filter>
    </ClInclude>
    <ClInclude Include="..\..\src\Bullet3OpenCL\RigidBody\b3GpuNarrowPhase.h">
      <Filter>src\Bullet3OpenCL\RigidBody</Filter>
    </ClInclude>
    <ClInclude Include="..\..\src\Bullet3OpenCL\RigidBody\b3GpuNarrowPhaseInternalData.h">
      <Filter>src\Bullet3OpenCL\RigidBody</Filter>
    </ClInclude>
    <ClInclude Include="..\..\src\Bullet3OpenCL\RigidBody\b3GpuPgsConstraintSolver.h">
      <Filter>src\Bullet3OpenCL\RigidBody</Filter>
    </ClInclude>
    <ClInclude Include="..\..\src\Bullet3OpenCL\RigidBody\b3GpuPgsContactSolver.h">
      <Filter>src\Bullet3OpenCL\RigidBody</Filter>
    </ClInclude>
    <ClInclude Include="..\..\src\Bullet3OpenCL\RigidBody\b3GpuRigidBodyPipeline.h">
      <Filter>src\Bullet3OpenCL\RigidBody</Filter>
    </ClInclude>
    <ClInclude Include="..\..\src\Bullet3OpenCL\RigidBody\b3GpuRigidBodyPipelineInternalData.h">
      <Filter>src\Bullet3OpenCL\RigidBody</Filter>
    </ClInclude>
    <ClInclude Include="..\..\src\Bullet3OpenCL\RigidBody\b3GpuSolverBody.h">
      <Filter>src\Bullet3OpenCL\RigidBody</Filter>
    </ClInclude>
    <ClInclude Include="..\..\src\Bullet3OpenCL\RigidBody\b3GpuSolverConstraint.h">
      <Filter>src\Bullet3OpenCL\RigidBody</Filter>
    </ClInclude>
    <ClInclude Include="..\..\src\Bullet3OpenCL\RigidBody\b3Solver.h">
      <Filter>src\Bullet3OpenCL\RigidBody</Filter>
    </ClInclude>
    <ClInclude Include="..\..\src\Bullet3OpenCL\RigidBody\kernels\batchingKernels.h">
      <Filter>src\Bullet3OpenCL\RigidBody\kernels</Filter>
    </ClInclude>
    <ClInclude Include="..\..\src\Bullet3OpenCL\RigidBody\kernels\batchingKernelsNew.h">
      <Filter>src\Bullet3OpenCL\RigidBody\kernels</Filter>
    </ClInclude>
    <ClInclude Include="..\..\src\Bullet3OpenCL\RigidBody\kernels\integrateKernel.h">
      <Filter>src\Bullet3OpenCL\RigidBody\kernels</Filter>
    </ClInclude>
    <ClInclude Include="..\..\src\Bullet3OpenCL\RigidBody\kernels\jointSolver.h">
      <Filter>src\Bullet3OpenCL\RigidBody\kernels</Filter>
    </ClInclude>
    <ClInclude Include="..\..\src\Bullet3OpenCL\RigidBody\kernels\solveContact.h">
      <Filter>src\Bullet3OpenCL\RigidBody\kernels</Filter>
    </ClInclude>
    <ClInclude Include="..\..\src\Bullet3OpenCL\RigidBody\kernels\solveFriction.h">
      <Filter>src\Bullet3OpenCL\RigidBody\kernels</Filter>
    </ClInclude>
    <ClInclude Include="..\..\src\Bullet3OpenCL\RigidBody\kernels\solverSetup.h">
      <Filter>src\Bullet3OpenCL\RigidBody\kernels</Filter>
    </ClInclude>
    <ClInclude Include="..\..\src\Bullet3OpenCL\RigidBody\kernels\solverSetup2.h">
      <Filter>src\Bullet3OpenCL\RigidBody\kernels</Filter>
    </ClInclude>
    <ClInclude Include="..\..\src\Bullet3OpenCL\RigidBody\kernels\solverUtils.h">
      <Filter>src\Bullet3OpenCL\RigidBody\kernels</Filter>
    </ClInclude>
    <ClInclude Include="..\..\src\Bullet3OpenCL\RigidBody\kernels\updateAabbsKernel.h">
      <Filter>src\Bullet3OpenCL\RigidBody\kernels</Filter>
    </ClInclude>
  </ItemGroup>
  <ItemGroup>
    <ClCompile Include="..\..\src\clew\clew.c">
      <Filter>src\clew</Filter>
    </ClCompile>
    <ClCompile Include="..\..\src\Bullet3OpenCL\BroadphaseCollision\b3GpuGridBroadphase.cpp">
      <Filter>src\Bullet3OpenCL\BroadphaseCollision</Filter>
    </ClCompile>
    <ClCompile Include="..\..\src\Bullet3OpenCL\BroadphaseCollision\b3GpuParallelLinearBvh.cpp">
      <Filter>src\Bullet3OpenCL\BroadphaseCollision</Filter>
    </ClCompile>
    <ClCompile Include="..\..\src\Bullet3OpenCL\BroadphaseCollision\b3GpuParallelLinearBvhBroadphase.cpp">
      <Filter>src\Bullet3OpenCL\BroadphaseCollision</Filter>
    </ClCompile>
    <ClCompile Include="..\..\src\Bullet3OpenCL\BroadphaseCollision\b3GpuSapBroadphase.cpp">
      <Filter>src\Bullet3OpenCL\BroadphaseCollision</Filter>
    </ClCompile>
    <ClCompile Include="..\..\src\Bullet3OpenCL\Initialize\b3OpenCLUtils.cpp">
      <Filter>src\Bullet3OpenCL\Initialize</Filter>
    </ClCompile>
    <ClCompile Include="..\..\src\Bullet3OpenCL\NarrowphaseCollision\b3ContactCache.cpp">
      <Filter>src\Bullet3OpenCL\NarrowphaseCollision</Filter>
    </ClCompile>
    <ClCompile Include="..\..\src\Bullet3OpenCL\NarrowphaseCollision\b3ConvexHullContact.cpp">
      <Filter>src\Bullet3OpenCL\NarrowphaseCollision</Filter>
    </ClCompile>
    <ClCompile Include="..\..\src\Bullet3OpenCL\NarrowphaseCollision\b3GjkEpa.cpp">
      <Filter>src\Bullet3OpenCL\NarrowphaseCollision</Filter>
    </ClCompile>
    <ClCompile Include="..\..\src\Bullet3OpenCL\NarrowphaseCollision\b3GjkPairDetector.cpp">
      <Filter>src\Bullet3OpenCL\NarrowphaseCollision</Filter>
    </ClCompile>
    <ClCompile Include="..\..\src\Bullet3OpenCL\NarrowphaseCollision\b3OptimizedBvh.cpp">
      <Filter>src\Bullet3OpenCL\NarrowphaseCollision</Filter>
    </ClCompile>
    <ClCompile Include="..\..\src\Bullet3OpenCL\NarrowphaseCollision\b3QuantizedBvh.cpp">
      <Filter>src\Bullet3OpenCL\NarrowphaseCollision</Filter>
    </ClCompile>
    <ClCompile Include="..\..\src\Bullet3OpenCL\NarrowphaseCollision\b3StridingMeshInterface.cpp">
      <Filter>src\Bullet3OpenCL\NarrowphaseCollision</Filter>
    </ClCompile>
    <ClCompile Include="..\..\src\Bullet3OpenCL\NarrowphaseCollision\b3TriangleCallback.cpp">
      <Filter>src\Bullet3OpenCL\NarrowphaseCollision</Filter>
    </ClCompile>
    <ClCompile Include="..\..\src\Bullet3OpenCL\NarrowphaseCollision\b3TriangleIndexVertexArray.cpp">
      <Filter>src\Bullet3OpenCL\NarrowphaseCollision</Filter>
    </ClCompile>
    <ClCompile Include="..\..\src\Bullet3OpenCL\NarrowphaseCollision\b3VoronoiSimplexSolver.cpp">
      <Filter>src\Bullet3OpenCL\NarrowphaseCollision</Filter>
    </ClCompile>
    <ClCompile Include="..\..\src\Bullet3OpenCL\ParallelPrimitives\b3BoundSearchCL.cpp">
      <Filter>src\Bullet3OpenCL\ParallelPrimitives</Filter>
    </ClCompile>
    <ClCompile Include="..\..\src\Bullet3OpenCL\ParallelPrimitives\b3FillCL.cpp">
      <Filter>src\Bullet3OpenCL\ParallelPrimitives</Filter>
    </ClCompile>
    <ClCompile Include="..\..\src\Bullet3OpenCL\ParallelPrimitives\b3LauncherCL.cpp">
      <Filter>src\Bullet3OpenCL\ParallelPrimitives</Filter>
    </ClCompile>
    <ClCompile Include="..\..\src\Bullet3OpenCL\ParallelPrimitives\b3PrefixScanCL.cpp">
      <Filter>src\Bullet3OpenCL\ParallelPrimitives</Filter>
    </ClCompile>
    <ClCompile Include="..\..\src\Bullet3OpenCL\ParallelPrimitives\b3PrefixScanFloat4CL.cpp">
      <Filter>src\Bullet3OpenCL\ParallelPrimitives</Filter>
    </ClCompile>
    <ClCompile Include="..\..\src\Bullet3OpenCL\ParallelPrimitives\b3RadixSort32CL.cpp">
      <Filter>src\Bullet3OpenCL\ParallelPrimitives</Filter>
    </ClCompile>
    <ClCompile Include="..\..\src\Bullet3OpenCL\Raycast\b3GpuRaycast.cpp">
      <Filter>src\Bullet3OpenCL\Raycast</Filter>
    </ClCompile>
    <ClCompile Include="..\..\src\Bullet3OpenCL\RigidBody\b3GpuGenericConstraint.cpp">
      <Filter>src\Bullet3OpenCL\RigidBody</Filter>
    </ClCompile>
    <ClCompile Include="..\..\src\Bullet3OpenCL\RigidBody\b3GpuJacobiContactSolver.cpp">
      <Filter>src\Bullet3OpenCL\RigidBody</Filter>
    </ClCompile>
    <ClCompile Include="..\..\src\Bullet3OpenCL\RigidBody\b3GpuNarrowPhase.cpp">
      <Filter>src\Bullet3OpenCL\RigidBody</Filter>
    </ClCompile>
    <ClCompile Include="..\..\src\Bullet3OpenCL\RigidBody\b3GpuPgsConstraintSolver.cpp">
      <Filter>src\Bullet3OpenCL\RigidBody</Filter>
    </ClCompile>
    <ClCompile Include="..\..\src\Bullet3OpenCL\RigidBody\b3GpuPgsContactSolver.cpp">
      <Filter>src\Bullet3OpenCL\RigidBody</Filter>
    </ClCompile>
    <ClCompile Include="..\..\src\Bullet3OpenCL\RigidBody\b3GpuRigidBodyPipeline.cpp">
      <Filter>src\Bullet3OpenCL\RigidBody</Filter>
    </ClCompile>
    <ClCompile Include="..\..\src\Bullet3OpenCL\RigidBody\b3Solver.cpp">
      <Filter>src\Bullet3OpenCL\RigidBody</Filter>
    </ClCompile>
  </ItemGroup>
</Project>
