<?xml version="1.0" encoding="utf-8"?>
<Project ToolsVersion="4.0" xmlns="http://schemas.microsoft.com/developer/msbuild/2003">
  <ItemGroup>
    <Filter Include="examples">
      <UniqueIdentifier>{6DCC1175-97EC-DA4F-9DBD-9A3447A364D7}</UniqueIdentifier>
    </Filter>
    <Filter Include="examples\ThirdPartyLibs">
      <UniqueIdentifier>{326CC671-9FA7-5B48-B034-B2C64379DBBD}</UniqueIdentifier>
    </Filter>
    <Filter Include="examples\ThirdPartyLibs\Glew">
      <UniqueIdentifier>{FDD0B537-CCEB-834A-B01A-8DA291776FA3}</UniqueIdentifier>
    </Filter>
    <Filter Include="examples\OpenGLWindow">
      <UniqueIdentifier>{C491AF2E-6978-7048-921B-1112B458B11C}</UniqueIdentifier>
    </Filter>
    <Filter Include="examples\Utils">
      <UniqueIdentifier>{87F872FE-BDAF-1648-8435-C09BF633D9C3}</UniqueIdentifier>
    </Filter>
    <Filter Include="test">
      <UniqueIdentifier>{3414753C-2928-DB4A-8B52-1EC0446D295D}</UniqueIdentifier>
    </Filter>
    <Filter Include="test\GwenOpenGLTest">
      <UniqueIdentifier>{31FE9CE2-3C73-C14A-A69D-73BF46D987CD}</UniqueIdentifier>
    </Filter>
  </ItemGroup>
  <ItemGroup>
    <ClInclude Include="..\..\examples\OpenGLWindow\TwFonts.h">
      <Filter>examples\OpenGLWindow</Filter>
    </ClInclude>
    <ClInclude Include="..\..\examples\OpenGLWindow\LoadShader.h">
      <Filter>examples\OpenGLWindow</Filter>
    </ClInclude>
    <ClInclude Include="..\..\examples\OpenGLWindow\GLPrimitiveRenderer.h">
      <Filter>examples\OpenGLWindow</Filter>
    </ClInclude>
    <ClInclude Include="..\..\examples\OpenGLWindow\GwenOpenGL3CoreRenderer.h">
      <Filter>examples\OpenGLWindow</Filter>
    </ClInclude>
    <ClInclude Include="..\..\examples\OpenGLWindow\fontstash.h">
      <Filter>examples\OpenGLWindow</Filter>
    </ClInclude>
    <ClInclude Include="..\..\examples\OpenGLWindow\opengl_fontstashcallbacks.h">
      <Filter>examples\OpenGLWindow</Filter>
    </ClInclude>
    <ClInclude Include="..\..\examples\Utils\b3Clock.h">
      <Filter>examples\Utils</Filter>
    </ClInclude>
    <ClInclude Include="..\..\test\GwenOpenGLTest\UnitTest.h">
      <Filter>test\GwenOpenGLTest</Filter>
    </ClInclude>
    <ClInclude Include="..\..\examples\OpenGLWindow\Win32OpenGLWindow.h">
      <Filter>examples\OpenGLWindow</Filter>
    </ClInclude>
    <ClInclude Include="..\..\examples\OpenGLWindow\Win32Window.h">
      <Filter>examples\OpenGLWindow</Filter>
    </ClInclude>
  </ItemGroup>
  <ItemGroup>
    <ClCompile Include="..\..\examples\ThirdPartyLibs\Glew\glew.c">
      <Filter>examples\ThirdPartyLibs\Glew</Filter>
    </ClCompile>
    <ClCompile Include="..\..\examples\OpenGLWindow\OpenSans.cpp">
      <Filter>examples\OpenGLWindow</Filter>
    </ClCompile>
    <ClCompile Include="..\..\examples\OpenGLWindow\TwFonts.cpp">
      <Filter>examples\OpenGLWindow</Filter>
    </ClCompile>
    <ClCompile Include="..\..\examples\OpenGLWindow\LoadShader.cpp">
      <Filter>examples\OpenGLWindow</Filter>
    </ClCompile>
    <ClCompile Include="..\..\examples\OpenGLWindow\GLPrimitiveRenderer.cpp">
      <Filter>examples\OpenGLWindow</Filter>
    </ClCompile>
    <ClCompile Include="..\..\examples\OpenGLWindow\fontstash.cpp">
      <Filter>examples\OpenGLWindow</Filter>
    </ClCompile>
    <ClCompile Include="..\..\examples\OpenGLWindow\opengl_fontstashcallbacks.cpp">
      <Filter>examples\OpenGLWindow</Filter>
    </ClCompile>
    <ClCompile Include="..\..\examples\Utils\b3Clock.cpp">
      <Filter>examples\Utils</Filter>
    </ClCompile>
    <ClCompile Include="..\..\test\GwenOpenGLTest\Button.cpp">
      <Filter>test\GwenOpenGLTest</Filter>
    </ClCompile>
    <ClCompile Include="..\..\test\GwenOpenGLTest\Checkbox.cpp">
      <Filter>test\GwenOpenGLTest</Filter>
    </ClCompile>
    <ClCompile Include="..\..\test\GwenOpenGLTest\ComboBox.cpp">
      <Filter>test\GwenOpenGLTest</Filter>
    </ClCompile>
    <ClCompile Include="..\..\test\GwenOpenGLTest\CrossSplitter.cpp">
      <Filter>test\GwenOpenGLTest</Filter>
    </ClCompile>
    <ClCompile Include="..\..\test\GwenOpenGLTest\GroupBox.cpp">
      <Filter>test\GwenOpenGLTest</Filter>
    </ClCompile>
    <ClCompile Include="..\..\test\GwenOpenGLTest\ImagePanel.cpp">
      <Filter>test\GwenOpenGLTest</Filter>
    </ClCompile>
    <ClCompile Include="..\..\test\GwenOpenGLTest\Label.cpp">
      <Filter>test\GwenOpenGLTest</Filter>
    </ClCompile>
    <ClCompile Include="..\..\test\GwenOpenGLTest\ListBox.cpp">
      <Filter>test\GwenOpenGLTest</Filter>
    </ClCompile>
    <ClCompile Include="..\..\test\GwenOpenGLTest\MenuStrip.cpp">
      <Filter>test\GwenOpenGLTest</Filter>
    </ClCompile>
    <ClCompile Include="..\..\test\GwenOpenGLTest\Numeric.cpp">
      <Filter>test\GwenOpenGLTest</Filter>
    </ClCompile>
    <ClCompile Include="..\..\test\GwenOpenGLTest\OpenGLSample.cpp">
      <Filter>test\GwenOpenGLTest</Filter>
    </ClCompile>
    <ClCompile Include="..\..\test\GwenOpenGLTest\PanelListPanel.cpp">
      <Filter>test\GwenOpenGLTest</Filter>
    </ClCompile>
    <ClCompile Include="..\..\test\GwenOpenGLTest\ProgressBar.cpp">
      <Filter>test\GwenOpenGLTest</Filter>
    </ClCompile>
    <ClCompile Include="..\..\test\GwenOpenGLTest\Properties.cpp">
      <Filter>test\GwenOpenGLTest</Filter>
    </ClCompile>
    <ClCompile Include="..\..\test\GwenOpenGLTest\RadioButton.cpp">
      <Filter>test\GwenOpenGLTest</Filter>
    </ClCompile>
    <ClCompile Include="..\..\test\GwenOpenGLTest\ScrollControl.cpp">
      <Filter>test\GwenOpenGLTest</Filter>
    </ClCompile>
    <ClCompile Include="..\..\test\GwenOpenGLTest\Slider.cpp">
      <Filter>test\GwenOpenGLTest</Filter>
    </ClCompile>
    <ClCompile Include="..\..\test\GwenOpenGLTest\StatusBar.cpp">
      <Filter>test\GwenOpenGLTest</Filter>
    </ClCompile>
    <ClCompile Include="..\..\test\GwenOpenGLTest\TabControl.cpp">
      <Filter>test\GwenOpenGLTest</Filter>
    </ClCompile>
    <ClCompile Include="..\..\test\GwenOpenGLTest\TextBox.cpp">
      <Filter>test\GwenOpenGLTest</Filter>
    </ClCompile>
    <ClCompile Include="..\..\test\GwenOpenGLTest\TreeControl.cpp">
      <Filter>test\GwenOpenGLTest</Filter>
    </ClCompile>
    <ClCompile Include="..\..\test\GwenOpenGLTest\UnitTest.cpp">
      <Filter>test\GwenOpenGLTest</Filter>
    </ClCompile>
    <ClCompile Include="..\..\examples\OpenGLWindow\Win32OpenGLWindow.cpp">
      <Filter>examples\OpenGLWindow</Filter>
    </ClCompile>
    <ClCompile Include="..\..\examples\OpenGLWindow\Win32Window.cpp">
      <Filter>examples\OpenGLWindow</Filter>
    </ClCompile>
  </ItemGroup>
</Project>
