<?xml version="1.0" encoding="utf-8"?>
<Project ToolsVersion="4.0" xmlns="http://schemas.microsoft.com/developer/msbuild/2003">
  <ItemGroup>
    <Filter Include="src">
      <UniqueIdentifier>{43D93227-19C9-A64A-A8F2-101270403D24}</UniqueIdentifier>
    </Filter>
    <Filter Include="src\clew">
      <UniqueIdentifier>{AF0B0949-4B79-6246-978F-3E1CC7925853}</UniqueIdentifier>
    </Filter>
    <Filter Include="examples">
      <UniqueIdentifier>{CAA812B0-2A80-7A45-A39F-D6742E5AB912}</UniqueIdentifier>
    </Filter>
    <Filter Include="examples\ThirdPartyLibs">
      <UniqueIdentifier>{8577F5B1-0618-A74E-BC49-086B91CD1695}</UniqueIdentifier>
    </Filter>
    <Filter Include="examples\ThirdPartyLibs\minizip">
      <UniqueIdentifier>{AA08CE0F-76AE-8248-9D2D-DFEE968F53F9}</UniqueIdentifier>
    </Filter>
    <Filter Include="examples\ThirdPartyLibs\zlib">
      <UniqueIdentifier>{087F2CA9-AD70-0C4E-98F1-B3401BCE6100}</UniqueIdentifier>
    </Filter>
    <Filter Include="test">
      <UniqueIdentifier>{6096AFDD-20A4-E742-B959-0FC20B730C14}</UniqueIdentifier>
    </Filter>
    <Filter Include="test\TestBullet3OpenCL">
      <UniqueIdentifier>{798447D4-D48D-C040-BC80-5FC4348EB32A}</UniqueIdentifier>
    </Filter>
    <Filter Include="test\OpenCL">
      <UniqueIdentifier>{82AAEA8C-ECD9-D344-8C21-D059C033F7D4}</UniqueIdentifier>
    </Filter>
    <Filter Include="test\OpenCL\BasicInitialize">
      <UniqueIdentifier>{C7F72B52-BDC5-CE43-A937-31BF9CB5C48E}</UniqueIdentifier>
    </Filter>
    <Filter Include="test\OpenCL\AllBullet3Kernels">
      <UniqueIdentifier>{43CA8B34-3B5C-6942-BEBF-04E605180D7D}</UniqueIdentifier>
    </Filter>
  </ItemGroup>
  <ItemGroup>
    <ClInclude Include="..\..\src\clew\clew.h">
      <Filter>src\clew</Filter>
    </ClInclude>
  </ItemGroup>
  <ItemGroup>
    <ClCompile Include="..\..\src\clew\clew.c">
      <Filter>src\clew</Filter>
    </ClCompile>
    <ClCompile Include="..\..\examples\ThirdPartyLibs\minizip\ioapi.c">
      <Filter>examples\ThirdPartyLibs\minizip</Filter>
    </ClCompile>
    <ClCompile Include="..\..\examples\ThirdPartyLibs\minizip\unzip.c">
      <Filter>examples\ThirdPartyLibs\minizip</Filter>
    </ClCompile>
    <ClCompile Include="..\..\examples\ThirdPartyLibs\minizip\zip.c">
      <Filter>examples\ThirdPartyLibs\minizip</Filter>
    </ClCompile>
    <ClCompile Include="..\..\examples\ThirdPartyLibs\zlib\adler32.c">
      <Filter>examples\ThirdPartyLibs\zlib</Filter>
    </ClCompile>
    <ClCompile Include="..\..\examples\ThirdPartyLibs\zlib\compress.c">
      <Filter>examples\ThirdPartyLibs\zlib</Filter>
    </ClCompile>
    <ClCompile Include="..\..\examples\ThirdPartyLibs\zlib\crc32.c">
      <Filter>examples\ThirdPartyLibs\zlib</Filter>
    </ClCompile>
    <ClCompile Include="..\..\examples\ThirdPartyLibs\zlib\deflate.c">
      <Filter>examples\ThirdPartyLibs\zlib</Filter>
    </ClCompile>
    <ClCompile Include="..\..\examples\ThirdPartyLibs\zlib\gzclose.c">
      <Filter>examples\ThirdPartyLibs\zlib</Filter>
    </ClCompile>
    <ClCompile Include="..\..\examples\ThirdPartyLibs\zlib\gzlib.c">
      <Filter>examples\ThirdPartyLibs\zlib</Filter>
    </ClCompile>
    <ClCompile Include="..\..\examples\ThirdPartyLibs\zlib\gzread.c">
      <Filter>examples\ThirdPartyLibs\zlib</Filter>
    </ClCompile>
    <ClCompile Include="..\..\examples\ThirdPartyLibs\zlib\gzwrite.c">
      <Filter>examples\ThirdPartyLibs\zlib</Filter>
    </ClCompile>
    <ClCompile Include="..\..\examples\ThirdPartyLibs\zlib\infback.c">
      <Filter>examples\ThirdPartyLibs\zlib</Filter>
    </ClCompile>
    <ClCompile Include="..\..\examples\ThirdPartyLibs\zlib\inffast.c">
      <Filter>examples\ThirdPartyLibs\zlib</Filter>
    </ClCompile>
    <ClCompile Include="..\..\examples\ThirdPartyLibs\zlib\inflate.c">
      <Filter>examples\ThirdPartyLibs\zlib</Filter>
    </ClCompile>
    <ClCompile Include="..\..\examples\ThirdPartyLibs\zlib\inftrees.c">
      <Filter>examples\ThirdPartyLibs\zlib</Filter>
    </ClCompile>
    <ClCompile Include="..\..\examples\ThirdPartyLibs\zlib\trees.c">
      <Filter>examples\ThirdPartyLibs\zlib</Filter>
    </ClCompile>
    <ClCompile Include="..\..\examples\ThirdPartyLibs\zlib\uncompr.c">
      <Filter>examples\ThirdPartyLibs\zlib</Filter>
    </ClCompile>
    <ClCompile Include="..\..\examples\ThirdPartyLibs\zlib\zutil.c">
      <Filter>examples\ThirdPartyLibs\zlib</Filter>
    </ClCompile>
    <ClCompile Include="..\..\test\TestBullet3OpenCL\main.cpp">
      <Filter>test\TestBullet3OpenCL</Filter>
    </ClCompile>
    <ClCompile Include="..\..\test\OpenCL\BasicInitialize\testInitOpenCL.cpp">
      <Filter>test\OpenCL\BasicInitialize</Filter>
    </ClCompile>
    <ClCompile Include="..\..\test\OpenCL\AllBullet3Kernels\testCompileBullet3BroadphaseKernels.cpp">
      <Filter>test\OpenCL\AllBullet3Kernels</Filter>
    </ClCompile>
    <ClCompile Include="..\..\test\OpenCL\AllBullet3Kernels\testCompileBullet3IntegrateUpdateAabbKernels.cpp">
      <Filter>test\OpenCL\AllBullet3Kernels</Filter>
    </ClCompile>
    <ClCompile Include="..\..\test\OpenCL\AllBullet3Kernels\testCompileBullet3JacobiContactSolverKernels.cpp">
      <Filter>test\OpenCL\AllBullet3Kernels</Filter>
    </ClCompile>
    <ClCompile Include="..\..\test\OpenCL\AllBullet3Kernels\testCompileBullet3NarrowphaseKernels.cpp">
      <Filter>test\OpenCL\AllBullet3Kernels</Filter>
    </ClCompile>
    <ClCompile Include="..\..\test\OpenCL\AllBullet3Kernels\testCompileBullet3PgsContactSolverKernels.cpp">
      <Filter>test\OpenCL\AllBullet3Kernels</Filter>
    </ClCompile>
    <ClCompile Include="..\..\test\OpenCL\AllBullet3Kernels\testCompileBullet3PgsJointSolverKernels.cpp">
      <Filter>test\OpenCL\AllBullet3Kernels</Filter>
    </ClCompile>
    <ClCompile Include="..\..\test\OpenCL\AllBullet3Kernels\testCompileBullet3RaycastKernels.cpp">
      <Filter>test\OpenCL\AllBullet3Kernels</Filter>
    </ClCompile>
    <ClCompile Include="..\..\test\OpenCL\AllBullet3Kernels\testExecuteBullet3NarrowphaseKernels.cpp">
      <Filter>test\OpenCL\AllBullet3Kernels</Filter>
    </ClCompile>
  </ItemGroup>
</Project>
